# module repository revision archive_sha256 upstream_version version
webservices.rest openmrs/openmrs-module-webservices.rest 69fa31fc157be0b0835e2101a0b0e480e0da4acb 554ab41e160a0ab07d1f348009d78dc7dfd2ce3df551afc64258bfcdf081bb22 3.5.0 3.5.0-sihsalus.1
initializer mekomsolutions/openmrs-module-initializer 3077975fb4f58c91ff3113d7fed1e3df88829476 a750faaa6485b7f5716db8dcd94552102710cd9af0a80b067982133b02365e69 2.13.0-SNAPSHOT 2.13.0-sihsalus.1
queue openmrs/openmrs-module-queue fb6de2acbf31b4dd50e518f74badf28163d6e67d 9ad7d77a6cb6a07d81c5dfb4368680a371d85f85deea6475fc2a3e87bb33750e 3.1.0-SNAPSHOT 3.1.0-sihsalus.1
reporting openmrs/openmrs-module-reporting 45a4114ed72bba4dde86b7a0aa00563611030ba4 b127c0502f83cf834b7a96fa8cb64ac5bf1802a9c5f831d6ab8a3a27e022d5ba 2.2.0-SNAPSHOT 2.2.0-sihsalus.1
reportingrest openmrs/openmrs-module-reportingrest 566d62b7d4078929fc65acbc8fdd0152e39716e6 185cee368451b9bdd94458810ede80fe25daacb7e0421a787353c47e9232bde0 2.1.0-SNAPSHOT 2.1.0-sihsalus.1
patientdocuments openmrs/openmrs-module-patientdocuments 01f93ea5c909556de557f9ab4006aeaf5734c0c2 23c3407565ba53d67a08c905f8ffc87aaaebfde3613d3613e7d72f7a0f0d30c5 1.2.0-SNAPSHOT 1.2.0-sihsalus.1
billing openmrs/openmrs-module-billing 2e21085067a6cfc33f9c5c04f466aa983e63571b 2ed649a82e8e22574745763e5c8e64c51ed22808b86c2fd6487634c0fd18ab9e 2.5.0-SNAPSHOT 2.5.0-sihsalus.1
emrapi openmrs/openmrs-module-emrapi a06a2efd651435609a1c4b39ef35501b3401ff5d 2295f74bfaa198a2ab0b8b7bf298054c93ff93f8e20ae729c3275089c46cfc23 3.5.0-SNAPSHOT 3.5.0-sihsalus.1
fhir2 openmrs/openmrs-module-fhir2 069deb714818428540719182472ea13711628526 15fe6277c775a746899fa0f0f339eaae983a97624decad4a4f5adad0b4eca4b3 4.3.0-SNAPSHOT 4.3.0-sihsalus.1
authentication openmrs/openmrs-module-authentication 3fb02d5a067826af01019e638d1354ccc9ac4a33 129cb9dc2a1ad5ba9399de9a28679e828c9208a3c04153e96e447dfecd5eb891 2.4.0-SNAPSHOT 2.4.0-sihsalus.1
o3forms openmrs/openmrs-module-o3forms 34733b3b909e8e35456c9afa7d643cc22c52bb91 cdce100db0a49045990cc41c33b553a13a0f9d852b957e622789ff173c8fbf33 2.3.0 2.3.0-sihsalus.1
